// !$*UTF8*$!
{
	archiveVersion = 1;
	classes = {
	};
	objectVersion = 77;
	objects = {

/* Begin PBXBuildFile section */
		096D736CA8956CA794233A41 /* DicyaninMockHandTracking in Frameworks */ = {isa = PBXBuildFile; productRef = C0CAF6DE10D144A28BA6A1E9 /* DicyaninMockHandTracking */; };
		21800B6D59CFC383B94B5874 /* DicyaninHandGlove in Frameworks */ = {isa = PBXBuildFile; productRef = 22849964D2DDC9B669A82960 /* DicyaninHandGlove */; };
		3E55767EBC88A28433060BB6 /* ContentView.swift in Sources */ = {isa = PBXBuildFile; fileRef = 7E99A98E641A75F88E49C47E /* ContentView.swift */; };
		98E8CA6882C746D2478F56FE /* ImmersiveView.swift in Sources */ = {isa = PBXBuildFile; fileRef = A2C17B8AF70E544230482446 /* ImmersiveView.swift */; };
		F4B8E261C4BB5A108F7BB330 /* GloveDemoApp.swift in Sources */ = {isa = PBXBuildFile; fileRef = B8983739E9D89A09C5FE8B4A /* GloveDemoApp.swift */; };
/* End PBXBuildFile section */

/* Begin PBXFileReference section */
		633C042FA6C90CF7F4521C48 /* DicyaninMockHandTracking */ = {isa = PBXFileReference; lastKnownFileType = folder; name = DicyaninMockHandTracking; path = ../..; sourceTree = SOURCE_ROOT; };
		7E99A98E641A75F88E49C47E /* ContentView.swift */ = {isa = PBXFileReference; lastKnownFileType = sourcecode.swift; path = ContentView.swift; sourceTree = "<group>"; };
		A2C17B8AF70E544230482446 /* ImmersiveView.swift */ = {isa = PBXFileReference; lastKnownFileType = sourcecode.swift; path = ImmersiveView.swift; sourceTree = "<group>"; };
		B8983739E9D89A09C5FE8B4A /* GloveDemoApp.swift */ = {isa = PBXFileReference; lastKnownFileType = sourcecode.swift; path = GloveDemoApp.swift; sourceTree = "<group>"; };
		C4A1B926A8C60C565CF4C6FF /* GloveDemo.app */ = {isa = PBXFileReference; includeInIndex = 0; lastKnownFileType = wrapper.application; path = GloveDemo.app; sourceTree = BUILT_PRODUCTS_DIR; };
/* End PBXFileReference section */

/* Begin PBXFrameworksBuildPhase section */
		46252F62EB9BCBE45D80E45B /* Frameworks */ = {
			isa = PBXFrameworksBuildPhase;
			buildActionMask = 2147483647;
			files = (
				096D736CA8956CA794233A41 /* DicyaninMockHandTracking in Frameworks */,
				21800B6D59CFC383B94B5874 /* DicyaninHandGlove in Frameworks */,
			);
			runOnlyForDeploymentPostprocessing = 0;
		};
/* End PBXFrameworksBuildPhase section */

/* Begin PBXGroup section */
		1F4E1007A9731246CA4E2549 /* Packages */ = {
			isa = PBXGroup;
			children = (
				633C042FA6C90CF7F4521C48 /* DicyaninMockHandTracking */,
			);
			name = Packages;
			sourceTree = "<group>";
		};
		2E6E8288FF2B3940FF7911EF = {
			isa = PBXGroup;
			children = (
				1F4E1007A9731246CA4E2549 /* Packages */,
				F1141E9A2E5B2392CF42355F /* Sources */,
				7FB36917733DDCF2F57125B3 /* Products */,
			);
			sourceTree = "<group>";
		};
		7FB36917733DDCF2F57125B3 /* Products */ = {
			isa = PBXGroup;
			children = (
				C4A1B926A8C60C565CF4C6FF /* GloveDemo.app */,
			);
			name = Products;
			sourceTree = "<group>";
		};
		F1141E9A2E5B2392CF42355F /* Sources */ = {
			isa = PBXGroup;
			children = (
				7E99A98E641A75F88E49C47E /* ContentView.swift */,
				B8983739E9D89A09C5FE8B4A /* GloveDemoApp.swift */,
				A2C17B8AF70E544230482446 /* ImmersiveView.swift */,
			);
			path = Sources;
			sourceTree = "<group>";
		};
/* End PBXGroup section */

/* Begin PBXNativeTarget section */
		0C56526881D07C422B8AEE4F /* GloveDemo */ = {
			isa = PBXNativeTarget;
			buildConfigurationList = 97DA06B84F3869C5D4EDC4EF /* Build configuration list for PBXNativeTarget "GloveDemo" */;
			buildPhases = (
				6BDF96C4BCCDE8FE39AA6363 /* Sources */,
				46252F62EB9BCBE45D80E45B /* Frameworks */,
			);
			buildRules = (
			);
			dependencies = (
			);
			name = GloveDemo;
			packageProductDependencies = (
				C0CAF6DE10D144A28BA6A1E9 /* DicyaninMockHandTracking */,
				22849964D2DDC9B669A82960 /* DicyaninHandGlove */,
			);
			productName = GloveDemo;
			productReference = C4A1B926A8C60C565CF4C6FF /* GloveDemo.app */;
			productType = "com.apple.product-type.application";
		};
/* End PBXNativeTarget section */

/* Begin PBXProject section */
		B6E66935FF204CF0815A3AF1 /* Project object */ = {
			isa = PBXProject;
			attributes = {
				BuildIndependentTargetsInParallel = YES;
				LastUpgradeCheck = 1430;
				TargetAttributes = {
				};
			};
			buildConfigurationList = 3709E766CACE24517B857315 /* Build configuration list for PBXProject "GloveDemo" */;
			developmentRegion = en;
			hasScannedForEncodings = 0;
			knownRegions = (
				Base,
				en,
			);
			mainGroup = 2E6E8288FF2B3940FF7911EF;
			minimizedProjectReferenceProxies = 1;
			packageReferences = (
				8BC8286981CA0A78F086BF9F /* XCLocalSwiftPackageReference "../.." */,
			);
			preferredProjectObjectVersion = 77;
			productRefGroup = 7FB36917733DDCF2F57125B3 /* Products */;
			projectDirPath = "";
			projectRoot = "";
			targets = (
				0C56526881D07C422B8AEE4F /* GloveDemo */,
			);
		};
/* End PBXProject section */

/* Begin PBXSourcesBuildPhase section */
		6BDF96C4BCCDE8FE39AA6363 /* Sources */ = {
			isa = PBXSourcesBuildPhase;
			buildActionMask = 2147483647;
			files = (
				3E55767EBC88A28433060BB6 /* ContentView.swift in Sources */,
				F4B8E261C4BB5A108F7BB330 /* GloveDemoApp.swift in Sources */,
				98E8CA6882C746D2478F56FE /* ImmersiveView.swift in Sources */,
			);
			runOnlyForDeploymentPostprocessing = 0;
		};
/* End PBXSourcesBuildPhase section */

/* Begin XCBuildConfiguration section */
		1A8E298508B65B7C8922A4BA /* Debug */ = {
			isa = XCBuildConfiguration;
			buildSettings = {
				ASSETCATALOG_COMPILER_APPICON_NAME = AppIcon;
				CODE_SIGNING_ALLOWED = NO;
				GENERATE_INFOPLIST_FILE = NO;
				INFOPLIST_FILE = Generated/Info.plist;
				LD_RUNPATH_SEARCH_PATHS = (
					"$(inherited)",
					"@executable_path/Frameworks",
				);
				PRODUCT_BUNDLE_IDENTIFIER = com.dicyanin.glovedemo;
				SDKROOT = xros;
				SWIFT_VERSION = 5.9;
				TARGETED_DEVICE_FAMILY = 7;
			};
			name = Debug;
		};
		1F695C4B30C524EA3ADB2C27 /* Release */ = {
			isa = XCBuildConfiguration;
			buildSettings = {
				ALWAYS_SEARCH_USER_PATHS = NO;
				CLANG_ANALYZER_NONNULL = YES;
				CLANG_ANALYZER_NUMBER_OBJECT_CONVERSION = YES_AGGRESSIVE;
				CLANG_CXX_LANGUAGE_STANDARD = "gnu++14";
				CLANG_CXX_LIBRARY = "libc++";
				CLANG_ENABLE_MODULES = YES;
				CLANG_ENABLE_OBJC_ARC = YES;
				CLANG_ENABLE_OBJC_WEAK = YES;
				CLANG_WARN_BLOCK_CAPTURE_AUTORELEASING = YES;
				CLANG_WARN_BOOL_CONVERSION = YES;
				CLANG_WARN_COMMA = YES;
				CLANG_WARN_CONSTANT_CONVERSION = YES;
				CLANG_WARN_DEPRECATED_OBJC_IMPLEMENTATIONS = YES;
				CLANG_WARN_DIRECT_OBJC_ISA_USAGE = YES_ERROR;
				CLANG_WARN_DOCUMENTATION_COMMENTS = YES;
				CLANG_WARN_EMPTY_BODY = YES;
				CLANG_WARN_ENUM_CONVERSION = YES;
				CLANG_WARN_INFINITE_RECURSION = YES;
				CLANG_WARN_INT_CONVERSION = YES;
				CLANG_WARN_NON_LITERAL_NULL_CONVERSION = YES;
				CLANG_WARN_OBJC_IMPLICIT_RETAIN_SELF = YES;
				CLANG_WARN_OBJC_LITERAL_CONVERSION = YES;
				CLANG_WARN_OBJC_ROOT_CLASS = YES_ERROR;
				CLANG_WARN_QUOTED_INCLUDE_IN_FRAMEWORK_HEADER = YES;
				CLANG_WARN_RANGE_LOOP_ANALYSIS = YES;
				CLANG_WARN_STRICT_PROTOTYPES = YES;
				CLANG_WARN_SUSPICIOUS_MOVE = YES;
				CLANG_WARN_UNGUARDED_AVAILABILITY = YES_AGGRESSIVE;
				CLANG_WARN_UNREACHABLE_CODE = YES;
				CLANG_WARN__DUPLICATE_METHOD_MATCH = YES;
				COPY_PHASE_STRIP = NO;
				DEBUG_INFORMATION_FORMAT = "dwarf-with-dsym";
				ENABLE_NS_ASSERTIONS = NO;
				ENABLE_STRICT_OBJC_MSGSEND = YES;
				GCC_C_LANGUAGE_STANDARD = gnu11;
				GCC_NO_COMMON_BLOCKS = YES;
				GCC_WARN_64_TO_32_BIT_CONVERSION = YES;
				GCC_WARN_ABOUT_RETURN_TYPE = YES_ERROR;
				GCC_WARN_UNDECLARED_SELECTOR = YES;
				GCC_WARN_UNINITIALIZED_AUTOS = YES_AGGRESSIVE;
				GCC_WARN_UNUSED_FUNCTION = YES;
				GCC_WARN_UNUSED_VARIABLE = YES;
				MTL_ENABLE_DEBUG_INFO = NO;
				MTL_FAST_MATH = YES;
				PRODUCT_NAME = "$(TARGET_NAME)";
				SDKROOT = xros;
				SWIFT_COMPILATION_MODE = wholemodule;
				SWIFT_OPTIMIZATION_LEVEL = "-O";
				SWIFT_VERSION = 5.0;
				XROS_DEPLOYMENT_TARGET = 1.0;
			};
			name = Release;
		};
		3F8D324765126DDC9849EA64 /* Debug */ = {
			isa = XCBuildConfiguration;
			buildSettings = {
				ALWAYS_SEARCH_USER_PATHS = NO;
				CLANG_ANALYZER_NONNULL = YES;
				CLANG_ANALYZER_NUMBER_OBJECT_CONVERSION = YES_AGGRESSIVE;
				CLANG_CXX_LANGUAGE_STANDARD = "gnu++14";
				CLANG_CXX_LIBRARY = "libc++";
				CLANG_ENABLE_MODULES = YES;
				CLANG_ENABLE_OBJC_ARC = YES;
				CLANG_ENABLE_OBJC_WEAK = YES;
				CLANG_WARN_BLOCK_CAPTURE_AUTORELEASING = YES;
				CLANG_WARN_BOOL_CONVERSION = YES;
				CLANG_WARN_COMMA = YES;
				CLANG_WARN_CONSTANT_CONVERSION = YES;
				CLANG_WARN_DEPRECATED_OBJC_IMPLEMENTATIONS = YES;
				CLANG_WARN_DIRECT_OBJC_ISA_USAGE = YES_ERROR;
				CLANG_WARN_DOCUMENTATION_COMMENTS = YES;
				CLANG_WARN_EMPTY_BODY = YES;
				CLANG_WARN_ENUM_CONVERSION = YES;
				CLANG_WARN_INFINITE_RECURSION = YES;
				CLANG_WARN_INT_CONVERSION = YES;
				CLANG_WARN_NON_LITERAL_NULL_CONVERSION = YES;
				CLANG_WARN_OBJC_IMPLICIT_RETAIN_SELF = YES;
				CLANG_WARN_OBJC_LITERAL_CONVERSION = YES;
				CLANG_WARN_OBJC_ROOT_CLASS = YES_ERROR;
				CLANG_WARN_QUOTED_INCLUDE_IN_FRAMEWORK_HEADER = YES;
				CLANG_WARN_RANGE_LOOP_ANALYSIS = YES;
				CLANG_WARN_STRICT_PROTOTYPES = YES;
				CLANG_WARN_SUSPICIOUS_MOVE = YES;
				CLANG_WARN_UNGUARDED_AVAILABILITY = YES_AGGRESSIVE;
				CLANG_WARN_UNREACHABLE_CODE = YES;
				CLANG_WARN__DUPLICATE_METHOD_MATCH = YES;
				COPY_PHASE_STRIP = NO;
				DEBUG_INFORMATION_FORMAT = dwarf;
				ENABLE_STRICT_OBJC_MSGSEND = YES;
				ENABLE_TESTABILITY = YES;
				GCC_C_LANGUAGE_STANDARD = gnu11;
				GCC_DYNAMIC_NO_PIC = NO;
				GCC_NO_COMMON_BLOCKS = YES;
				GCC_OPTIMIZATION_LEVEL = 0;
				GCC_PREPROCESSOR_DEFINITIONS = (
					"$(inherited)",
					"DEBUG=1",
				);
				GCC_WARN_64_TO_32_BIT_CONVERSION = YES;
				GCC_WARN_ABOUT_RETURN_TYPE = YES_ERROR;
				GCC_WARN_UNDECLARED_SELECTOR = YES;
				GCC_WARN_UNINITIALIZED_AUTOS = YES_AGGRESSIVE;
				GCC_WARN_UNUSED_FUNCTION = YES;
				GCC_WARN_UNUSED_VARIABLE = YES;
				MTL_ENABLE_DEBUG_INFO = INCLUDE_SOURCE;
				MTL_FAST_MATH = YES;
				ONLY_ACTIVE_ARCH = YES;
				PRODUCT_NAME = "$(TARGET_NAME)";
				SDKROOT = xros;
				SWIFT_ACTIVE_COMPILATION_CONDITIONS = DEBUG;
				SWIFT_OPTIMIZATION_LEVEL = "-Onone";
				SWIFT_VERSION = 5.0;
				XROS_DEPLOYMENT_TARGET = 1.0;
			};
			name = Debug;
		};
		7E6F71B5F3498992CBA7B649 /* Release */ = {
			isa = XCBuildConfiguration;
			buildSettings = {
				ASSETCATALOG_COMPILER_APPICON_NAME = AppIcon;
				CODE_SIGNING_ALLOWED = NO;
				GENERATE_INFOPLIST_FILE = NO;
				INFOPLIST_FILE = Generated/Info.plist;
				LD_RUNPATH_SEARCH_PATHS = (
					"$(inherited)",
					"@executable_path/Frameworks",
				);
				PRODUCT_BUNDLE_IDENTIFIER = com.dicyanin.glovedemo;
				SDKROOT = xros;
				SWIFT_VERSION = 5.9;
				TARGETED_DEVICE_FAMILY = 7;
			};
			name = Release;
		};
/* End XCBuildConfiguration section */

/* Begin XCConfigurationList section */
		3709E766CACE24517B857315 /* Build configuration list for PBXProject "GloveDemo" */ = {
			isa = XCConfigurationList;
			buildConfigurations = (
				3F8D324765126DDC9849EA64 /* Debug */,
				1F695C4B30C524EA3ADB2C27 /* Release */,
			);
			defaultConfigurationIsVisible = 0;
			defaultConfigurationName = Debug;
		};
		97DA06B84F3869C5D4EDC4EF /* Build configuration list for PBXNativeTarget "GloveDemo" */ = {
			isa = XCConfigurationList;
			buildConfigurations = (
				1A8E298508B65B7C8922A4BA /* Debug */,
				7E6F71B5F3498992CBA7B649 /* Release */,
			);
			defaultConfigurationIsVisible = 0;
			defaultConfigurationName = Debug;
		};
/* End XCConfigurationList section */

/* Begin XCLocalSwiftPackageReference section */
		8BC8286981CA0A78F086BF9F /* XCLocalSwiftPackageReference "../.." */ = {
			isa = XCLocalSwiftPackageReference;
			relativePath = ../..;
		};
/* End XCLocalSwiftPackageReference section */

/* Begin XCSwiftPackageProductDependency section */
		22849964D2DDC9B669A82960 /* DicyaninHandGlove */ = {
			isa = XCSwiftPackageProductDependency;
			productName = DicyaninHandGlove;
		};
		C0CAF6DE10D144A28BA6A1E9 /* DicyaninMockHandTracking */ = {
			isa = XCSwiftPackageProductDependency;
			productName = DicyaninMockHandTracking;
		};
/* End XCSwiftPackageProductDependency section */
	};
	rootObject = B6E66935FF204CF0815A3AF1 /* Project object */;
}
